
Microsoft Visual Studio Solution File, Format Version 12.00
# Visual Studio Version 17
VisualStudioVersion = 17.0.31903.59
MinimumVisualStudioVersion = 10.0.40219.1
Project("{2150E333-8FDC-42A3-9474-1A3956D46DE8}") = "src", "src", "{02902DA1-E3D9-4426-95C5-BBC9ECC0B499}"
EndProject
Project("{FAE04EC0-301F-11D3-BF4B-00C04F79EFBC}") = "VegetableShop.Domain", "src\VegetableShop.Domain\VegetableShop.Domain.csproj", "{F430E237-CC66-40AC-806E-156833F06351}"
EndProject
Project("{FAE04EC0-301F-11D3-BF4B-00C04F79EFBC}") = "VegetableShop.Application", "src\VegetableShop.Application\VegetableShop.Application.csproj", "{D718B3B1-C87B-480A-9A53-843D468E5C81}"
EndProject
Project("{FAE04EC0-301F-11D3-BF4B-00C04F79EFBC}") = "VegetableShop.Infrastructure", "src\VegetableShop.Infrastructure\VegetableShop.Infrastructure.csproj", "{BDB71E3C-5F04-4692-BD55-015E0C871B02}"
EndProject
Project("{FAE04EC0-301F-11D3-BF4B-00C04F79EFBC}") = "VegetableShop.Console", "src\VegetableShop.Console\VegetableShop.Console.csproj", "{C6464C9E-ADBE-4191-899A-F097E85B634A}"
EndProject
Project("{2150E333-8FDC-42A3-9474-1A3956D46DE8}") = "tests", "tests", "{845A9CC3-567C-47AC-A434-BDF65E2D9FE9}"
EndProject
Project("{FAE04EC0-301F-11D3-BF4B-00C04F79EFBC}") = "VegetableShop.Tests", "tests\VegetableShop.Tests\VegetableShop.Tests.csproj", "{816B4A5B-E7BB-4DDC-B01E-903A16FC0196}"
EndProject
Global
	GlobalSection(SolutionConfigurationPlatforms) = preSolution
		Debug|Any CPU = Debug|Any CPU
		Release|Any CPU = Release|Any CPU
	EndGlobalSection
	GlobalSection(SolutionProperties) = preSolution
		HideSolutionNode = FALSE
	EndGlobalSection
	GlobalSection(ProjectConfigurationPlatforms) = postSolution
		{F430E237-CC66-40AC-806E-156833F06351}.Debug|Any CPU.ActiveCfg = Debug|Any CPU
		{F430E237-CC66-40AC-806E-156833F06351}.Debug|Any CPU.Build.0 = Debug|Any CPU
		{F430E237-CC66-40AC-806E-156833F06351}.Release|Any CPU.ActiveCfg = Release|Any CPU
		{F430E237-CC66-40AC-806E-156833F06351}.Release|Any CPU.Build.0 = Release|Any CPU
		{D718B3B1-C87B-480A-9A53-843D468E5C81}.Debug|Any CPU.ActiveCfg = Debug|Any CPU
		{D718B3B1-C87B-480A-9A53-843D468E5C81}.Debug|Any CPU.Build.0 = Debug|Any CPU
		{D718B3B1-C87B-480A-9A53-843D468E5C81}.Release|Any CPU.ActiveCfg = Release|Any CPU
		{D718B3B1-C87B-480A-9A53-843D468E5C81}.Release|Any CPU.Build.0 = Release|Any CPU
		{BDB71E3C-5F04-4692-BD55-015E0C871B02}.Debug|Any CPU.ActiveCfg = Debug|Any CPU
		{BDB71E3C-5F04-4692-BD55-015E0C871B02}.Debug|Any CPU.Build.0 = Debug|Any CPU
		{BDB71E3C-5F04-4692-BD55-015E0C871B02}.Release|Any CPU.ActiveCfg = Release|Any CPU
		{BDB71E3C-5F04-4692-BD55-015E0C871B02}.Release|Any CPU.Build.0 = Release|Any CPU
		{C6464C9E-ADBE-4191-899A-F097E85B634A}.Debug|Any CPU.ActiveCfg = Debug|Any CPU
		{C6464C9E-ADBE-4191-899A-F097E85B634A}.Debug|Any CPU.Build.0 = Debug|Any CPU
		{C6464C9E-ADBE-4191-899A-F097E85B634A}.Release|Any CPU.ActiveCfg = Release|Any CPU
		{C6464C9E-ADBE-4191-899A-F097E85B634A}.Release|Any CPU.Build.0 = Release|Any CPU
		{816B4A5B-E7BB-4DDC-B01E-903A16FC0196}.Debug|Any CPU.ActiveCfg = Debug|Any CPU
		{816B4A5B-E7BB-4DDC-B01E-903A16FC0196}.Debug|Any CPU.Build.0 = Debug|Any CPU
		{816B4A5B-E7BB-4DDC-B01E-903A16FC0196}.Release|Any CPU.ActiveCfg = Release|Any CPU
		{816B4A5B-E7BB-4DDC-B01E-903A16FC0196}.Release|Any CPU.Build.0 = Release|Any CPU
	EndGlobalSection
	GlobalSection(NestedProjects) = preSolution
		{F430E237-CC66-40AC-806E-156833F06351} = {02902DA1-E3D9-4426-95C5-BBC9ECC0B499}
		{D718B3B1-C87B-480A-9A53-843D468E5C81} = {02902DA1-E3D9-4426-95C5-BBC9ECC0B499}
		{BDB71E3C-5F04-4692-BD55-015E0C871B02} = {02902DA1-E3D9-4426-95C5-BBC9ECC0B499}
		{C6464C9E-ADBE-4191-899A-F097E85B634A} = {02902DA1-E3D9-4426-95C5-BBC9ECC0B499}
		{816B4A5B-E7BB-4DDC-B01E-903A16FC0196} = {845A9CC3-567C-47AC-A434-BDF65E2D9FE9}
	EndGlobalSection
EndGlobal
